github.com/kballard/go-shellquote v0.0.0-20180428030007-95032a82bc51 h1:Z9n2FFNUXsshfwJMBgNA0RU6/i7WVaAegv3PtuIHPMs=
github.com/lib/pq v1.9.0 h1:L8nSXQQzAYByakOFMTwpjRoHsMJklur4Gi59b6VivR8=
github.com/mattn/go-isatty v0.0.12 h1:wuysRhFDzyxgEmMf5xjvJ2M9dZoWAXNNr5LSBS7uHXY=
github.com/remyoudompheng/bigfft v0.0.0-20200410134404-eec4a21b6bb0 h1:OdAsTTz6OkFY5QxjkYwrChwuRruF69c169dPK26NUlk=
golang.org/x/mod v0.6.0-dev.0.20220106191415-9b9b3d81d5e3 h1:kQgndtyPBW/JIYERgdxfwMYh3AVStj88WQTlNDi2a+o=
golang.org/x/sys v0.0.0-20220412211240-33da011f77ad h1:ntjMns5wyP/fN65tdBD4g8J5w8n015+iIIs9rtjXkY0=
golang.org/x/tools v0.1.10 h1:QjFRCZxdOhBJ/UNgnBZLbNV13DlbnK0quyivTnXJM20=
golang.org/x/xerrors v0.0.0-20200804184101-5ec99f83aff1 h1:go1bK/D/BFZV2I8cIQd1NKEZ+0owSTG1fDTci4IqFcE=
lukechampine.com/uint128 v1.1.1 h1:pnxCASz787iMf+02ssImqk6OLt+Z5QHMoZyUXR4z6JU=
modernc.org/cc/v3 v3.33.7 h1:Rvxffgx6LHSpGS6IO8bffSYN1wpPsWHEWY9CV95vpro=
modernc.org/ccgo/v3 v3.9.6 h1:rCjLgu6iRxK2bqq8A0CCOnDP+tdA81LfbBUlM1L6ZIY=
modernc.org/libc v1.9.11 h1:QUxZMs48Ahg2F7SN41aERvMfGLY2HU/ADnB9DC4Yts8=
modernc.org/mathutil v1.4.1 h1:ij3fYGe8zBF4Vu+g0oT7mB06r8sqGWKuJu1yXeR4by8=
modernc.org/memory v1.0.4 h1:utMBrFcpnQDdNsmM6asmyH/FM9TqLPS7XF7otpJmrwM=
modernc.org/opt v0.1.1 h1:/0RX92k9vwVeDXj+Xn23DKp2VJubL7k8qNffND6qn3A=
modernc.org/sqlite v1.12.0 h1:AMAOgk4CkblRJc6YLKSYtz3pZ6DW5wjQ1uYH/rN7/Kk=
modernc.org/strutil v1.1.1 h1:xv+J1BXY3Opl2ALrBwyfEikFAj8pmqcpnfmuwUwcozs=
modernc.org/token v1.0.0 h1:a0jaWiNMDhDUtqOj09wvjWWAqd3q7WpBulmL9H2egsk=
shanhu.io/misc v0.0.0-20220417204140-117e3c66ed14 h1:J+CsEzQCN6Ux6dVYRoDEi2IPeHU2hsgihAIBqlFQcjo=
shanhu.io/misc v0.0.0-20220417204140-117e3c66ed14/go.mod h1:aABKvPyBlihBeW/S0YQ8VW9ToGUwTMz2zFNu6STUU9c=
shanhu.io/pisces v0.0.0-20220416025110-8e5689e21da5 h1:MTIvpQnGpK+DuUrhncx1OlSsI+1K+6R4vA3SE0mbta8=
shanhu.io/pisces v0.0.0-20220416025110-8e5689e21da5/go.mod h1:m+tbEc/w9a/9pUsXbT19ilAEEVLnGXlDtOKucxnG4F0=
shanhu.io/text v0.0.0-20220403174149-0195ecfdda87 h1:5B5QyUHPdmsKzfhgJjG7LZ3gdIL7NSBAMtL4QCXx07E=
shanhu.io/text v0.0.0-20220403174149-0195ecfdda87/go.mod h1:CexHuZjVSZj85hsKVcxZq80AMSdJNPFlOD4lSDEEE5g=
shanhu.io/virgo v0.0.0-20220416001529-bc221b2b6057 h1:rdFldkT2LKKAkSth4LN6kF+EpKzGMILMB/5LsqUOPhU=
shanhu.io/virgo v0.0.0-20220416001529-bc221b2b6057/go.mod h1:V4UQLC9TrjXkCY6KSuS5Yet3BdCaI2qUXqZbWdnyaW8=
