shanhu.io/misc v0.0.0-20220417204140-117e3c66ed14 h1:J+CsEzQCN6Ux6dVYRoDEi2IPeHU2hsgihAIBqlFQcjo=
shanhu.io/misc v0.0.0-20220417204140-117e3c66ed14/go.mod h1:aABKvPyBlihBeW/S0YQ8VW9ToGUwTMz2zFNu6STUU9c=
shanhu.io/text v0.0.0-20220403174149-0195ecfdda87 h1:5B5QyUHPdmsKzfhgJjG7LZ3gdIL7NSBAMtL4QCXx07E=
shanhu.io/text v0.0.0-20220403174149-0195ecfdda87/go.mod h1:CexHuZjVSZj85hsKVcxZq80AMSdJNPFlOD4lSDEEE5g=
shanhu.io/virgo v0.0.0-20220416001529-bc221b2b6057 h1:rdFldkT2LKKAkSth4LN6kF+EpKzGMILMB/5LsqUOPhU=
shanhu.io/virgo v0.0.0-20220416001529-bc221b2b6057/go.mod h1:V4UQLC9TrjXkCY6KSuS5Yet3BdCaI2qUXqZbWdnyaW8=
